
Microsoft Visual Studio Solution File, Format Version 12.00
# Visual Studio Version 17
VisualStudioVersion = 17.3.32825.248
MinimumVisualStudioVersion = 10.0.40219.1
Project("{FAE04EC0-301F-11D3-BF4B-00C04F79EFBC}") = "ListBox", "ListBox.csproj", "{11C06C23-1291-4762-9B94-B3BB3B2DE748}"
EndProject
Global
	GlobalSection(SolutionConfigurationPlatforms) = preSolution
		Debug|Any CPU = Debug|Any CPU
		Release|Any CPU = Release|Any CPU
	EndGlobalSection
	GlobalSection(ProjectConfigurationPlatforms) = postSolution
		{11C06C23-1291-4762-9B94-B3BB3B2DE748}.Debug|Any CPU.ActiveCfg = Debug|Any CPU
		{11C06C23-1291-4762-9B94-B3BB3B2DE748}.Debug|Any CPU.Build.0 = Debug|Any CPU
		{11C06C23-1291-4762-9B94-B3BB3B2DE748}.Release|Any CPU.ActiveCfg = Release|Any CPU
		{11C06C23-1291-4762-9B94-B3BB3B2DE748}.Release|Any CPU.Build.0 = Release|Any CPU
	EndGlobalSection
	GlobalSection(SolutionProperties) = preSolution
		HideSolutionNode = FALSE
	EndGlobalSection
	GlobalSection(ExtensibilityGlobals) = postSolution
		SolutionGuid = {FF4B8DAB-3B9B-4B99-A0D4-B9860584D2FA}
	EndGlobalSection
EndGlobal
