
Microsoft Visual Studio Solution File, Format Version 12.00
# Visual Studio Version 17
VisualStudioVersion = 17.3.32825.248
MinimumVisualStudioVersion = 10.0.40219.1
Project("{FAE04EC0-301F-11D3-BF4B-00C04F79EFBC}") = "Delegados", "Delegados.csproj", "{BB09DE02-A132-47BA-B2EC-85F7934C44F9}"
EndProject
Global
	GlobalSection(SolutionConfigurationPlatforms) = preSolution
		Debug|Any CPU = Debug|Any CPU
		Release|Any CPU = Release|Any CPU
	EndGlobalSection
	GlobalSection(ProjectConfigurationPlatforms) = postSolution
		{BB09DE02-A132-47BA-B2EC-85F7934C44F9}.Debug|Any CPU.ActiveCfg = Debug|Any CPU
		{BB09DE02-A132-47BA-B2EC-85F7934C44F9}.Debug|Any CPU.Build.0 = Debug|Any CPU
		{BB09DE02-A132-47BA-B2EC-85F7934C44F9}.Release|Any CPU.ActiveCfg = Release|Any CPU
		{BB09DE02-A132-47BA-B2EC-85F7934C44F9}.Release|Any CPU.Build.0 = Release|Any CPU
	EndGlobalSection
	GlobalSection(SolutionProperties) = preSolution
		HideSolutionNode = FALSE
	EndGlobalSection
	GlobalSection(ExtensibilityGlobals) = postSolution
		SolutionGuid = {8651F820-6184-4A29-812B-86254611DC9C}
	EndGlobalSection
EndGlobal
